// !$*UTF8*$!
{
	archiveVersion = 1;
	classes = {
	};
	objectVersion = 55;
	objects = {

/* Begin PBXBuildFile section */
		EA4195632803AB9C00907F54 /* AppDelegate.swift in Sources */ = {isa = PBXBuildFile; fileRef = EA4195622803AB9C00907F54 /* AppDelegate.swift */; };
		EA4195652803AB9D00907F54 /* SceneDelegate.swift in Sources */ = {isa = PBXBuildFile; fileRef = EA4195642803AB9D00907F54 /* SceneDelegate.swift */; };
		EA4195672803AB9D00907F54 /* ViewController.swift in Sources */ = {isa = PBXBuildFile; fileRef = EA4195662803AB9D00907F54 /* ViewController.swift */; };
		EA41956C2803AB9D00907F54 /* Assets.xcassets in Resources */ = {isa = PBXBuildFile; fileRef = EA41956B2803AB9D00907F54 /* Assets.xcassets */; };
		EA41956F2803AB9D00907F54 /* LaunchScreen.storyboard in Resources */ = {isa = PBXBuildFile; fileRef = EA41956D2803AB9D00907F54 /* LaunchScreen.storyboard */; };
		EA41957C2803AD3C00907F54 /* ContentViewController.swift in Sources */ = {isa = PBXBuildFile; fileRef = EA41957A2803AD3C00907F54 /* ContentViewController.swift */; };
		EA41957D2803AD3C00907F54 /* MainTabbarController.swift in Sources */ = {isa = PBXBuildFile; fileRef = EA41957B2803AD3C00907F54 /* MainTabbarController.swift */; };
		EAA3133A2803AE30006C0CB4 /* FavoriteOnlyCell.swift in Sources */ = {isa = PBXBuildFile; fileRef = EAA313392803AE30006C0CB4 /* FavoriteOnlyCell.swift */; };
		EAA3133E2803AE79006C0CB4 /* LandmarkCell.swift in Sources */ = {isa = PBXBuildFile; fileRef = EAA3133D2803AE79006C0CB4 /* LandmarkCell.swift */; };
		EAA313422803AEB6006C0CB4 /* Landmark.swift in Sources */ = {isa = PBXBuildFile; fileRef = EAA3133F2803AEB6006C0CB4 /* Landmark.swift */; };
		EAA313432803AEB6006C0CB4 /* landmarkData.json in Resources */ = {isa = PBXBuildFile; fileRef = EAA313402803AEB6006C0CB4 /* landmarkData.json */; };
		EAA313442803AEB6006C0CB4 /* ModelData.swift in Sources */ = {isa = PBXBuildFile; fileRef = EAA313412803AEB6006C0CB4 /* ModelData.swift */; };
		EAA313462803AF4D006C0CB4 /* LandmarksViewModel.swift in Sources */ = {isa = PBXBuildFile; fileRef = EAA313452803AF4D006C0CB4 /* LandmarksViewModel.swift */; };
		EAA3134C2803EC8C006C0CB4 /* Cartfile in Resources */ = {isa = PBXBuildFile; fileRef = EAA3134B2803EC8C006C0CB4 /* Cartfile */; };
		EAA313522803EF50006C0CB4 /* CombineCocoa in Frameworks */ = {isa = PBXBuildFile; productRef = EAA313512803EF50006C0CB4 /* CombineCocoa */; };
/* End PBXBuildFile section */

/* Begin PBXFileReference section */
		EA41955F2803AB9C00907F54 /* UIKit+MVVM.app */ = {isa = PBXFileReference; explicitFileType = wrapper.application; includeInIndex = 0; path = "UIKit+MVVM.app"; sourceTree = BUILT_PRODUCTS_DIR; };
		EA4195622803AB9C00907F54 /* AppDelegate.swift */ = {isa = PBXFileReference; lastKnownFileType = sourcecode.swift; path = AppDelegate.swift; sourceTree = "<group>"; };
		EA4195642803AB9D00907F54 /* SceneDelegate.swift */ = {isa = PBXFileReference; lastKnownFileType = sourcecode.swift; path = SceneDelegate.swift; sourceTree = "<group>"; };
		EA4195662803AB9D00907F54 /* ViewController.swift */ = {isa = PBXFileReference; lastKnownFileType = sourcecode.swift; path = ViewController.swift; sourceTree = "<group>"; };
		EA41956B2803AB9D00907F54 /* Assets.xcassets */ = {isa = PBXFileReference; lastKnownFileType = folder.assetcatalog; path = Assets.xcassets; sourceTree = "<group>"; };
		EA41956E2803AB9D00907F54 /* Base */ = {isa = PBXFileReference; lastKnownFileType = file.storyboard; name = Base; path = Base.lproj/LaunchScreen.storyboard; sourceTree = "<group>"; };
		EA4195702803AB9D00907F54 /* Info.plist */ = {isa = PBXFileReference; lastKnownFileType = text.plist.xml; path = Info.plist; sourceTree = "<group>"; };
		EA41957A2803AD3C00907F54 /* ContentViewController.swift */ = {isa = PBXFileReference; fileEncoding = 4; lastKnownFileType = sourcecode.swift; path = ContentViewController.swift; sourceTree = "<group>"; };
		EA41957B2803AD3C00907F54 /* MainTabbarController.swift */ = {isa = PBXFileReference; fileEncoding = 4; lastKnownFileType = sourcecode.swift; path = MainTabbarController.swift; sourceTree = "<group>"; };
		EAA313392803AE30006C0CB4 /* FavoriteOnlyCell.swift */ = {isa = PBXFileReference; fileEncoding = 4; lastKnownFileType = sourcecode.swift; path = FavoriteOnlyCell.swift; sourceTree = "<group>"; };
		EAA3133D2803AE79006C0CB4 /* LandmarkCell.swift */ = {isa = PBXFileReference; fileEncoding = 4; lastKnownFileType = sourcecode.swift; path = LandmarkCell.swift; sourceTree = "<group>"; };
		EAA3133F2803AEB6006C0CB4 /* Landmark.swift */ = {isa = PBXFileReference; fileEncoding = 4; lastKnownFileType = sourcecode.swift; path = Landmark.swift; sourceTree = "<group>"; };
		EAA313402803AEB6006C0CB4 /* landmarkData.json */ = {isa = PBXFileReference; fileEncoding = 4; lastKnownFileType = text.json; path = landmarkData.json; sourceTree = "<group>"; };
		EAA313412803AEB6006C0CB4 /* ModelData.swift */ = {isa = PBXFileReference; fileEncoding = 4; lastKnownFileType = sourcecode.swift; path = ModelData.swift; sourceTree = "<group>"; };
		EAA313452803AF4D006C0CB4 /* LandmarksViewModel.swift */ = {isa = PBXFileReference; lastKnownFileType = sourcecode.swift; path = LandmarksViewModel.swift; sourceTree = "<group>"; };
		EAA3134B2803EC8C006C0CB4 /* Cartfile */ = {isa = PBXFileReference; fileEncoding = 4; lastKnownFileType = text; path = Cartfile; sourceTree = "<group>"; };
		EAA3134E2803EE17006C0CB4 /* Combine.framework */ = {isa = PBXFileReference; lastKnownFileType = wrapper.framework; name = Combine.framework; path = System/Library/Frameworks/Combine.framework; sourceTree = SDKROOT; };
		EAA313502803EF39006C0CB4 /* CombineCocoa */ = {isa = PBXFileReference; lastKnownFileType = wrapper; name = CombineCocoa; path = "UIKit+MVVM/Carthage/Carthage/Checkouts/CombineCocoa"; sourceTree = "<group>"; };
/* End PBXFileReference section */

/* Begin PBXFrameworksBuildPhase section */
		EA41955C2803AB9C00907F54 /* Frameworks */ = {
			isa = PBXFrameworksBuildPhase;
			buildActionMask = 2147483647;
			files = (
				EAA313522803EF50006C0CB4 /* CombineCocoa in Frameworks */,
			);
			runOnlyForDeploymentPostprocessing = 0;
		};
/* End PBXFrameworksBuildPhase section */

/* Begin PBXGroup section */
		EA4195562803AB9C00907F54 = {
			isa = PBXGroup;
			children = (
				EAA3134A2803EC8C006C0CB4 /* Carthage */,
				EA41957F2803AD5600907F54 /* ViewModel */,
				EA41957E2803AD4D00907F54 /* Model */,
				EA4195792803AD3C00907F54 /* View */,
				EA4195612803AB9C00907F54 /* UIKit+MVVM */,
				EA4195602803AB9C00907F54 /* Products */,
				EAA3134D2803EE17006C0CB4 /* Frameworks */,
			);
			sourceTree = "<group>";
		};
		EA4195602803AB9C00907F54 /* Products */ = {
			isa = PBXGroup;
			children = (
				EA41955F2803AB9C00907F54 /* UIKit+MVVM.app */,
			);
			name = Products;
			sourceTree = "<group>";
		};
		EA4195612803AB9C00907F54 /* UIKit+MVVM */ = {
			isa = PBXGroup;
			children = (
				EA4195622803AB9C00907F54 /* AppDelegate.swift */,
				EA4195642803AB9D00907F54 /* SceneDelegate.swift */,
				EA4195662803AB9D00907F54 /* ViewController.swift */,
				EA41956B2803AB9D00907F54 /* Assets.xcassets */,
				EA41956D2803AB9D00907F54 /* LaunchScreen.storyboard */,
				EA4195702803AB9D00907F54 /* Info.plist */,
			);
			path = "UIKit+MVVM";
			sourceTree = "<group>";
		};
		EA4195792803AD3C00907F54 /* View */ = {
			isa = PBXGroup;
			children = (
				EAA313392803AE30006C0CB4 /* FavoriteOnlyCell.swift */,
				EAA3133D2803AE79006C0CB4 /* LandmarkCell.swift */,
				EA41957A2803AD3C00907F54 /* ContentViewController.swift */,
				EA41957B2803AD3C00907F54 /* MainTabbarController.swift */,
			);
			name = View;
			path = "UIKit+MVVM/View";
			sourceTree = "<group>";
		};
		EA41957E2803AD4D00907F54 /* Model */ = {
			isa = PBXGroup;
			children = (
				EAA3133F2803AEB6006C0CB4 /* Landmark.swift */,
				EAA313402803AEB6006C0CB4 /* landmarkData.json */,
				EAA313412803AEB6006C0CB4 /* ModelData.swift */,
			);
			name = Model;
			path = "UIKit+MVVM/Model";
			sourceTree = "<group>";
		};
		EA41957F2803AD5600907F54 /* ViewModel */ = {
			isa = PBXGroup;
			children = (
				EAA313452803AF4D006C0CB4 /* LandmarksViewModel.swift */,
			);
			name = ViewModel;
			path = "UIKit+MVVM/ViewModel";
			sourceTree = "<group>";
		};
		EAA3134A2803EC8C006C0CB4 /* Carthage */ = {
			isa = PBXGroup;
			children = (
				EAA3134B2803EC8C006C0CB4 /* Cartfile */,
			);
			name = Carthage;
			path = "UIKit+MVVM/Carthage";
			sourceTree = "<group>";
		};
		EAA3134D2803EE17006C0CB4 /* Frameworks */ = {
			isa = PBXGroup;
			children = (
				EAA313502803EF39006C0CB4 /* CombineCocoa */,
				EAA3134E2803EE17006C0CB4 /* Combine.framework */,
			);
			name = Frameworks;
			sourceTree = "<group>";
		};
/* End PBXGroup section */

/* Begin PBXNativeTarget section */
		EA41955E2803AB9C00907F54 /* UIKit+MVVM */ = {
			isa = PBXNativeTarget;
			buildConfigurationList = EA4195732803AB9D00907F54 /* Build configuration list for PBXNativeTarget "UIKit+MVVM" */;
			buildPhases = (
				EA41955B2803AB9C00907F54 /* Sources */,
				EA41955C2803AB9C00907F54 /* Frameworks */,
				EA41955D2803AB9C00907F54 /* Resources */,
			);
			buildRules = (
			);
			dependencies = (
			);
			name = "UIKit+MVVM";
			packageProductDependencies = (
				EAA313512803EF50006C0CB4 /* CombineCocoa */,
			);
			productName = "UIKit+MVVM";
			productReference = EA41955F2803AB9C00907F54 /* UIKit+MVVM.app */;
			productType = "com.apple.product-type.application";
		};
/* End PBXNativeTarget section */

/* Begin PBXProject section */
		EA4195572803AB9C00907F54 /* Project object */ = {
			isa = PBXProject;
			attributes = {
				BuildIndependentTargetsInParallel = 1;
				LastSwiftUpdateCheck = 1330;
				LastUpgradeCheck = 1330;
				TargetAttributes = {
					EA41955E2803AB9C00907F54 = {
						CreatedOnToolsVersion = 13.3;
					};
				};
			};
			buildConfigurationList = EA41955A2803AB9C00907F54 /* Build configuration list for PBXProject "UIKit+MVVM" */;
			compatibilityVersion = "Xcode 13.0";
			developmentRegion = en;
			hasScannedForEncodings = 0;
			knownRegions = (
				en,
				Base,
			);
			mainGroup = EA4195562803AB9C00907F54;
			productRefGroup = EA4195602803AB9C00907F54 /* Products */;
			projectDirPath = "";
			projectRoot = "";
			targets = (
				EA41955E2803AB9C00907F54 /* UIKit+MVVM */,
			);
		};
/* End PBXProject section */

/* Begin PBXResourcesBuildPhase section */
		EA41955D2803AB9C00907F54 /* Resources */ = {
			isa = PBXResourcesBuildPhase;
			buildActionMask = 2147483647;
			files = (
				EAA3134C2803EC8C006C0CB4 /* Cartfile in Resources */,
				EA41956F2803AB9D00907F54 /* LaunchScreen.storyboard in Resources */,
				EAA313432803AEB6006C0CB4 /* landmarkData.json in Resources */,
				EA41956C2803AB9D00907F54 /* Assets.xcassets in Resources */,
			);
			runOnlyForDeploymentPostprocessing = 0;
		};
/* End PBXResourcesBuildPhase section */

/* Begin PBXSourcesBuildPhase section */
		EA41955B2803AB9C00907F54 /* Sources */ = {
			isa = PBXSourcesBuildPhase;
			buildActionMask = 2147483647;
			files = (
				EA41957C2803AD3C00907F54 /* ContentViewController.swift in Sources */,
				EA4195672803AB9D00907F54 /* ViewController.swift in Sources */,
				EA41957D2803AD3C00907F54 /* MainTabbarController.swift in Sources */,
				EAA3133A2803AE30006C0CB4 /* FavoriteOnlyCell.swift in Sources */,
				EAA313422803AEB6006C0CB4 /* Landmark.swift in Sources */,
				EAA313462803AF4D006C0CB4 /* LandmarksViewModel.swift in Sources */,
				EA4195632803AB9C00907F54 /* AppDelegate.swift in Sources */,
				EAA313442803AEB6006C0CB4 /* ModelData.swift in Sources */,
				EA4195652803AB9D00907F54 /* SceneDelegate.swift in Sources */,
				EAA3133E2803AE79006C0CB4 /* LandmarkCell.swift in Sources */,
			);
			runOnlyForDeploymentPostprocessing = 0;
		};
/* End PBXSourcesBuildPhase section */

/* Begin PBXVariantGroup section */
		EA41956D2803AB9D00907F54 /* LaunchScreen.storyboard */ = {
			isa = PBXVariantGroup;
			children = (
				EA41956E2803AB9D00907F54 /* Base */,
			);
			name = LaunchScreen.storyboard;
			sourceTree = "<group>";
		};
/* End PBXVariantGroup section */

/* Begin XCBuildConfiguration section */
		EA4195712803AB9D00907F54 /* Debug */ = {
			isa = XCBuildConfiguration;
			buildSettings = {
				ALWAYS_SEARCH_USER_PATHS = NO;
				CLANG_ANALYZER_NONNULL = YES;
				CLANG_ANALYZER_NUMBER_OBJECT_CONVERSION = YES_AGGRESSIVE;
				CLANG_CXX_LANGUAGE_STANDARD = "gnu++17";
				CLANG_ENABLE_MODULES = YES;
				CLANG_ENABLE_OBJC_ARC = YES;
				CLANG_ENABLE_OBJC_WEAK = YES;
				CLANG_WARN_BLOCK_CAPTURE_AUTORELEASING = YES;
				CLANG_WARN_BOOL_CONVERSION = YES;
				CLANG_WARN_COMMA = YES;
				CLANG_WARN_CONSTANT_CONVERSION = YES;
				CLANG_WARN_DEPRECATED_OBJC_IMPLEMENTATIONS = YES;
				CLANG_WARN_DIRECT_OBJC_ISA_USAGE = YES_ERROR;
				CLANG_WARN_DOCUMENTATION_COMMENTS = YES;
				CLANG_WARN_EMPTY_BODY = YES;
				CLANG_WARN_ENUM_CONVERSION = YES;
				CLANG_WARN_INFINITE_RECURSION = YES;
				CLANG_WARN_INT_CONVERSION = YES;
				CLANG_WARN_NON_LITERAL_NULL_CONVERSION = YES;
				CLANG_WARN_OBJC_IMPLICIT_RETAIN_SELF = YES;
				CLANG_WARN_OBJC_LITERAL_CONVERSION = YES;
				CLANG_WARN_OBJC_ROOT_CLASS = YES_ERROR;
				CLANG_WARN_QUOTED_INCLUDE_IN_FRAMEWORK_HEADER = YES;
				CLANG_WARN_RANGE_LOOP_ANALYSIS = YES;
				CLANG_WARN_STRICT_PROTOTYPES = YES;
				CLANG_WARN_SUSPICIOUS_MOVE = YES;
				CLANG_WARN_UNGUARDED_AVAILABILITY = YES_AGGRESSIVE;
				CLANG_WARN_UNREACHABLE_CODE = YES;
				CLANG_WARN__DUPLICATE_METHOD_MATCH = YES;
				COPY_PHASE_STRIP = NO;
				DEBUG_INFORMATION_FORMAT = dwarf;
				ENABLE_STRICT_OBJC_MSGSEND = YES;
				ENABLE_TESTABILITY = YES;
				GCC_C_LANGUAGE_STANDARD = gnu11;
				GCC_DYNAMIC_NO_PIC = NO;
				GCC_NO_COMMON_BLOCKS = YES;
				GCC_OPTIMIZATION_LEVEL = 0;
				GCC_PREPROCESSOR_DEFINITIONS = (
					"DEBUG=1",
					"$(inherited)",
				);
				GCC_WARN_64_TO_32_BIT_CONVERSION = YES;
				GCC_WARN_ABOUT_RETURN_TYPE = YES_ERROR;
				GCC_WARN_UNDECLARED_SELECTOR = YES;
				GCC_WARN_UNINITIALIZED_AUTOS = YES_AGGRESSIVE;
				GCC_WARN_UNUSED_FUNCTION = YES;
				GCC_WARN_UNUSED_VARIABLE = YES;
				IPHONEOS_DEPLOYMENT_TARGET = 15.4;
				MTL_ENABLE_DEBUG_INFO = INCLUDE_SOURCE;
				MTL_FAST_MATH = YES;
				ONLY_ACTIVE_ARCH = YES;
				SDKROOT = iphoneos;
				SWIFT_ACTIVE_COMPILATION_CONDITIONS = DEBUG;
				SWIFT_OPTIMIZATION_LEVEL = "-Onone";
			};
			name = Debug;
		};
		EA4195722803AB9D00907F54 /* Release */ = {
			isa = XCBuildConfiguration;
			buildSettings = {
				ALWAYS_SEARCH_USER_PATHS = NO;
				CLANG_ANALYZER_NONNULL = YES;
				CLANG_ANALYZER_NUMBER_OBJECT_CONVERSION = YES_AGGRESSIVE;
				CLANG_CXX_LANGUAGE_STANDARD = "gnu++17";
				CLANG_ENABLE_MODULES = YES;
				CLANG_ENABLE_OBJC_ARC = YES;
				CLANG_ENABLE_OBJC_WEAK = YES;
				CLANG_WARN_BLOCK_CAPTURE_AUTORELEASING = YES;
				CLANG_WARN_BOOL_CONVERSION = YES;
				CLANG_WARN_COMMA = YES;
				CLANG_WARN_CONSTANT_CONVERSION = YES;
				CLANG_WARN_DEPRECATED_OBJC_IMPLEMENTATIONS = YES;
				CLANG_WARN_DIRECT_OBJC_ISA_USAGE = YES_ERROR;
				CLANG_WARN_DOCUMENTATION_COMMENTS = YES;
				CLANG_WARN_EMPTY_BODY = YES;
				CLANG_WARN_ENUM_CONVERSION = YES;
				CLANG_WARN_INFINITE_RECURSION = YES;
				CLANG_WARN_INT_CONVERSION = YES;
				CLANG_WARN_NON_LITERAL_NULL_CONVERSION = YES;
				CLANG_WARN_OBJC_IMPLICIT_RETAIN_SELF = YES;
				CLANG_WARN_OBJC_LITERAL_CONVERSION = YES;
				CLANG_WARN_OBJC_ROOT_CLASS = YES_ERROR;
				CLANG_WARN_QUOTED_INCLUDE_IN_FRAMEWORK_HEADER = YES;
				CLANG_WARN_RANGE_LOOP_ANALYSIS = YES;
				CLANG_WARN_STRICT_PROTOTYPES = YES;
				CLANG_WARN_SUSPICIOUS_MOVE = YES;
				CLANG_WARN_UNGUARDED_AVAILABILITY = YES_AGGRESSIVE;
				CLANG_WARN_UNREACHABLE_CODE = YES;
				CLANG_WARN__DUPLICATE_METHOD_MATCH = YES;
				COPY_PHASE_STRIP = NO;
				DEBUG_INFORMATION_FORMAT = "dwarf-with-dsym";
				ENABLE_NS_ASSERTIONS = NO;
				ENABLE_STRICT_OBJC_MSGSEND = YES;
				GCC_C_LANGUAGE_STANDARD = gnu11;
				GCC_NO_COMMON_BLOCKS = YES;
				GCC_WARN_64_TO_32_BIT_CONVERSION = YES;
				GCC_WARN_ABOUT_RETURN_TYPE = YES_ERROR;
				GCC_WARN_UNDECLARED_SELECTOR = YES;
				GCC_WARN_UNINITIALIZED_AUTOS = YES_AGGRESSIVE;
				GCC_WARN_UNUSED_FUNCTION = YES;
				GCC_WARN_UNUSED_VARIABLE = YES;
				IPHONEOS_DEPLOYMENT_TARGET = 15.4;
				MTL_ENABLE_DEBUG_INFO = NO;
				MTL_FAST_MATH = YES;
				SDKROOT = iphoneos;
				SWIFT_COMPILATION_MODE = wholemodule;
				SWIFT_OPTIMIZATION_LEVEL = "-O";
				VALIDATE_PRODUCT = YES;
			};
			name = Release;
		};
		EA4195742803AB9D00907F54 /* Debug */ = {
			isa = XCBuildConfiguration;
			buildSettings = {
				ASSETCATALOG_COMPILER_APPICON_NAME = AppIcon;
				ASSETCATALOG_COMPILER_GLOBAL_ACCENT_COLOR_NAME = AccentColor;
				CODE_SIGN_STYLE = Automatic;
				CURRENT_PROJECT_VERSION = 1;
				GENERATE_INFOPLIST_FILE = YES;
				INFOPLIST_FILE = "UIKit+MVVM/Info.plist";
				INFOPLIST_KEY_UIApplicationSupportsIndirectInputEvents = YES;
				INFOPLIST_KEY_UILaunchStoryboardName = LaunchScreen;
				INFOPLIST_KEY_UISupportedInterfaceOrientations_iPad = "UIInterfaceOrientationPortrait UIInterfaceOrientationPortraitUpsideDown UIInterfaceOrientationLandscapeLeft UIInterfaceOrientationLandscapeRight";
				INFOPLIST_KEY_UISupportedInterfaceOrientations_iPhone = "UIInterfaceOrientationPortrait UIInterfaceOrientationLandscapeLeft UIInterfaceOrientationLandscapeRight";
				LD_RUNPATH_SEARCH_PATHS = (
					"$(inherited)",
					"@executable_path/Frameworks",
				);
				MARKETING_VERSION = 1.0;
				PRODUCT_BUNDLE_IDENTIFIER = "com.tomokagemo.UIKit-MVVM";
				PRODUCT_NAME = "$(TARGET_NAME)";
				SWIFT_EMIT_LOC_STRINGS = YES;
				SWIFT_VERSION = 5.0;
				TARGETED_DEVICE_FAMILY = "1,2";
			};
			name = Debug;
		};
		EA4195752803AB9D00907F54 /* Release */ = {
			isa = XCBuildConfiguration;
			buildSettings = {
				ASSETCATALOG_COMPILER_APPICON_NAME = AppIcon;
				ASSETCATALOG_COMPILER_GLOBAL_ACCENT_COLOR_NAME = AccentColor;
				CODE_SIGN_STYLE = Automatic;
				CURRENT_PROJECT_VERSION = 1;
				GENERATE_INFOPLIST_FILE = YES;
				INFOPLIST_FILE = "UIKit+MVVM/Info.plist";
				INFOPLIST_KEY_UIApplicationSupportsIndirectInputEvents = YES;
				INFOPLIST_KEY_UILaunchStoryboardName = LaunchScreen;
				INFOPLIST_KEY_UISupportedInterfaceOrientations_iPad = "UIInterfaceOrientationPortrait UIInterfaceOrientationPortraitUpsideDown UIInterfaceOrientationLandscapeLeft UIInterfaceOrientationLandscapeRight";
				INFOPLIST_KEY_UISupportedInterfaceOrientations_iPhone = "UIInterfaceOrientationPortrait UIInterfaceOrientationLandscapeLeft UIInterfaceOrientationLandscapeRight";
				LD_RUNPATH_SEARCH_PATHS = (
					"$(inherited)",
					"@executable_path/Frameworks",
				);
				MARKETING_VERSION = 1.0;
				PRODUCT_BUNDLE_IDENTIFIER = "com.tomokagemo.UIKit-MVVM";
				PRODUCT_NAME = "$(TARGET_NAME)";
				SWIFT_EMIT_LOC_STRINGS = YES;
				SWIFT_VERSION = 5.0;
				TARGETED_DEVICE_FAMILY = "1,2";
			};
			name = Release;
		};
/* End XCBuildConfiguration section */

/* Begin XCConfigurationList section */
		EA41955A2803AB9C00907F54 /* Build configuration list for PBXProject "UIKit+MVVM" */ = {
			isa = XCConfigurationList;
			buildConfigurations = (
				EA4195712803AB9D00907F54 /* Debug */,
				EA4195722803AB9D00907F54 /* Release */,
			);
			defaultConfigurationIsVisible = 0;
			defaultConfigurationName = Release;
		};
		EA4195732803AB9D00907F54 /* Build configuration list for PBXNativeTarget "UIKit+MVVM" */ = {
			isa = XCConfigurationList;
			buildConfigurations = (
				EA4195742803AB9D00907F54 /* Debug */,
				EA4195752803AB9D00907F54 /* Release */,
			);
			defaultConfigurationIsVisible = 0;
			defaultConfigurationName = Release;
		};
/* End XCConfigurationList section */

/* Begin XCSwiftPackageProductDependency section */
		EAA313512803EF50006C0CB4 /* CombineCocoa */ = {
			isa = XCSwiftPackageProductDependency;
			productName = CombineCocoa;
		};
/* End XCSwiftPackageProductDependency section */
	};
	rootObject = EA4195572803AB9C00907F54 /* Project object */;
}
